
Microsoft Visual Studio Solution File, Format Version 12.00
# Visual Studio Version 17
VisualStudioVersion = 17.4.33205.214
MinimumVisualStudioVersion = 10.0.40219.1
Project("{2150E333-8FDC-42A3-9474-1A3956D46DE8}") = "src", "src", "{0BDAFC65-08F3-46FB-8B9E-FAE297B00275}"
EndProject
Project("{2150E333-8FDC-42A3-9474-1A3956D46DE8}") = "tests", "tests", "{50754F16-C07C-4B61-B980-AF17C5CDF673}"
EndProject
Project("{9A19103F-16F7-4668-BE54-9A1E7A4F7556}") = "MedHub.API", "MedHub.API\MedHub.API.csproj", "{37738DF0-0435-4F4D-8402-87328F9D2401}"
EndProject
Project("{2150E333-8FDC-42A3-9474-1A3956D46DE8}") = "Application", "Application", "{EAFC0FCF-C8B6-4DC7-B254-FB1708B72DD3}"
EndProject
Project("{2150E333-8FDC-42A3-9474-1A3956D46DE8}") = "Infrastructure", "Infrastructure", "{7AE110DD-4DD5-4E67-AFAA-7210969C4890}"
EndProject
Project("{2150E333-8FDC-42A3-9474-1A3956D46DE8}") = "Core", "Core", "{B2398D67-D688-4D1D-84CB-0FBABFAF0111}"
EndProject
Project("{2150E333-8FDC-42A3-9474-1A3956D46DE8}") = "WebUI", "WebUI", "{B7BF8E16-9F2E-49FF-97C3-D435669C44D3}"
EndProject
Project("{2150E333-8FDC-42A3-9474-1A3956D46DE8}") = "IntegrationTests", "IntegrationTests", "{BBA96BA0-C21F-4A25-ADAA-7CFD1F9EC31A}"
EndProject
Project("{2150E333-8FDC-42A3-9474-1A3956D46DE8}") = "UnitTests", "UnitTests", "{6BFF1940-AF09-426E-89C6-1555E091BD8B}"
EndProject
Project("{9A19103F-16F7-4668-BE54-9A1E7A4F7556}") = "MedHub.Application", "MedHub.Application\MedHub.Application.csproj", "{23B4DE57-25D7-4A48-A118-840178673F3D}"
EndProject
Project("{9A19103F-16F7-4668-BE54-9A1E7A4F7556}") = "MedHub.Core", "MedHub.Core\MedHub.Core.csproj", "{D00694FD-7CEF-4996-BD41-01FA22C02F7F}"
EndProject
Project("{9A19103F-16F7-4668-BE54-9A1E7A4F7556}") = "MedHub.Infrastructure", "MedHub.Infrastructure\MedHub.Infrastructure.csproj", "{AB18427F-DF29-4B27-9AFD-BF9E7666CB24}"
EndProject
Project("{9A19103F-16F7-4668-BE54-9A1E7A4F7556}") = "MedHub.API.IntegrationTests", "MedHub.API.IntegrationTests\MedHub.API.IntegrationTests.csproj", "{10204A07-3640-4EB1-A9B1-7F63887DA84E}"
EndProject
Project("{9A19103F-16F7-4668-BE54-9A1E7A4F7556}") = "MedHub.Core.UnitTests", "MedHub.Core.UnitTests\MedHub.Core.UnitTests.csproj", "{889D3259-DA96-436D-80A5-B5794CB069C9}"
EndProject
Global
	GlobalSection(SolutionConfigurationPlatforms) = preSolution
		Debug|Any CPU = Debug|Any CPU
		Release|Any CPU = Release|Any CPU
	EndGlobalSection
	GlobalSection(ProjectConfigurationPlatforms) = postSolution
		{37738DF0-0435-4F4D-8402-87328F9D2401}.Debug|Any CPU.ActiveCfg = Debug|Any CPU
		{37738DF0-0435-4F4D-8402-87328F9D2401}.Debug|Any CPU.Build.0 = Debug|Any CPU
		{37738DF0-0435-4F4D-8402-87328F9D2401}.Release|Any CPU.ActiveCfg = Release|Any CPU
		{37738DF0-0435-4F4D-8402-87328F9D2401}.Release|Any CPU.Build.0 = Release|Any CPU
		{23B4DE57-25D7-4A48-A118-840178673F3D}.Debug|Any CPU.ActiveCfg = Debug|Any CPU
		{23B4DE57-25D7-4A48-A118-840178673F3D}.Debug|Any CPU.Build.0 = Debug|Any CPU
		{23B4DE57-25D7-4A48-A118-840178673F3D}.Release|Any CPU.ActiveCfg = Release|Any CPU
		{23B4DE57-25D7-4A48-A118-840178673F3D}.Release|Any CPU.Build.0 = Release|Any CPU
		{D00694FD-7CEF-4996-BD41-01FA22C02F7F}.Debug|Any CPU.ActiveCfg = Debug|Any CPU
		{D00694FD-7CEF-4996-BD41-01FA22C02F7F}.Debug|Any CPU.Build.0 = Debug|Any CPU
		{D00694FD-7CEF-4996-BD41-01FA22C02F7F}.Release|Any CPU.ActiveCfg = Release|Any CPU
		{D00694FD-7CEF-4996-BD41-01FA22C02F7F}.Release|Any CPU.Build.0 = Release|Any CPU
		{AB18427F-DF29-4B27-9AFD-BF9E7666CB24}.Debug|Any CPU.ActiveCfg = Debug|Any CPU
		{AB18427F-DF29-4B27-9AFD-BF9E7666CB24}.Debug|Any CPU.Build.0 = Debug|Any CPU
		{AB18427F-DF29-4B27-9AFD-BF9E7666CB24}.Release|Any CPU.ActiveCfg = Release|Any CPU
		{AB18427F-DF29-4B27-9AFD-BF9E7666CB24}.Release|Any CPU.Build.0 = Release|Any CPU
		{10204A07-3640-4EB1-A9B1-7F63887DA84E}.Debug|Any CPU.ActiveCfg = Debug|Any CPU
		{10204A07-3640-4EB1-A9B1-7F63887DA84E}.Debug|Any CPU.Build.0 = Debug|Any CPU
		{10204A07-3640-4EB1-A9B1-7F63887DA84E}.Release|Any CPU.ActiveCfg = Release|Any CPU
		{10204A07-3640-4EB1-A9B1-7F63887DA84E}.Release|Any CPU.Build.0 = Release|Any CPU
		{889D3259-DA96-436D-80A5-B5794CB069C9}.Debug|Any CPU.ActiveCfg = Debug|Any CPU
		{889D3259-DA96-436D-80A5-B5794CB069C9}.Debug|Any CPU.Build.0 = Debug|Any CPU
		{889D3259-DA96-436D-80A5-B5794CB069C9}.Release|Any CPU.ActiveCfg = Release|Any CPU
		{889D3259-DA96-436D-80A5-B5794CB069C9}.Release|Any CPU.Build.0 = Release|Any CPU
	EndGlobalSection
	GlobalSection(SolutionProperties) = preSolution
		HideSolutionNode = FALSE
	EndGlobalSection
	GlobalSection(NestedProjects) = preSolution
		{37738DF0-0435-4F4D-8402-87328F9D2401} = {B7BF8E16-9F2E-49FF-97C3-D435669C44D3}
		{EAFC0FCF-C8B6-4DC7-B254-FB1708B72DD3} = {0BDAFC65-08F3-46FB-8B9E-FAE297B00275}
		{7AE110DD-4DD5-4E67-AFAA-7210969C4890} = {0BDAFC65-08F3-46FB-8B9E-FAE297B00275}
		{B2398D67-D688-4D1D-84CB-0FBABFAF0111} = {0BDAFC65-08F3-46FB-8B9E-FAE297B00275}
		{B7BF8E16-9F2E-49FF-97C3-D435669C44D3} = {0BDAFC65-08F3-46FB-8B9E-FAE297B00275}
		{BBA96BA0-C21F-4A25-ADAA-7CFD1F9EC31A} = {50754F16-C07C-4B61-B980-AF17C5CDF673}
		{6BFF1940-AF09-426E-89C6-1555E091BD8B} = {50754F16-C07C-4B61-B980-AF17C5CDF673}
		{23B4DE57-25D7-4A48-A118-840178673F3D} = {EAFC0FCF-C8B6-4DC7-B254-FB1708B72DD3}
		{D00694FD-7CEF-4996-BD41-01FA22C02F7F} = {B2398D67-D688-4D1D-84CB-0FBABFAF0111}
		{AB18427F-DF29-4B27-9AFD-BF9E7666CB24} = {7AE110DD-4DD5-4E67-AFAA-7210969C4890}
		{10204A07-3640-4EB1-A9B1-7F63887DA84E} = {BBA96BA0-C21F-4A25-ADAA-7CFD1F9EC31A}
		{889D3259-DA96-436D-80A5-B5794CB069C9} = {6BFF1940-AF09-426E-89C6-1555E091BD8B}
	EndGlobalSection
	GlobalSection(ExtensibilityGlobals) = postSolution
		SolutionGuid = {FE9C9AF5-437A-4749-AC8A-87EA1D4A5D09}
	EndGlobalSection
EndGlobal
