
Microsoft Visual Studio Solution File, Format Version 12.00
# Visual Studio Version 17
VisualStudioVersion = 17.4.33205.214
MinimumVisualStudioVersion = 10.0.40219.1
Project("{2150E333-8FDC-42A3-9474-1A3956D46DE8}") = "Application", "Application", "{81DBB7B3-E384-4893-8D8A-638D65D5FC58}"
EndProject
Project("{2150E333-8FDC-42A3-9474-1A3956D46DE8}") = "Core", "Core", "{B0DC3B60-2CA7-4050-A1CC-EBAFF39EDB6A}"
EndProject
Project("{2150E333-8FDC-42A3-9474-1A3956D46DE8}") = "Infrastructure", "Infrastructure", "{2248F402-3F32-477E-9999-7705ECFC5E11}"
EndProject
Project("{2150E333-8FDC-42A3-9474-1A3956D46DE8}") = "WebUI", "WebUI", "{3C75E64B-360E-48BC-8B58-63AD9042203D}"
EndProject
Project("{9A19103F-16F7-4668-BE54-9A1E7A4F7556}") = "MedHub.Core", "MedHub.Core\MedHub.Core.csproj", "{460D0256-C486-4DBB-9297-1658F9F6B7C3}"
EndProject
Project("{9A19103F-16F7-4668-BE54-9A1E7A4F7556}") = "MedHub.Infrastructure", "MedHub.Infrastructure\MedHub.Infrastructure.csproj", "{BD78F736-0A0E-49D3-A849-ED01FAE5DF1D}"
EndProject
Project("{9A19103F-16F7-4668-BE54-9A1E7A4F7556}") = "MedHub.Application", "MedHub.Application\MedHub.Application.csproj", "{7BB62FE5-6590-4CA6-9897-8E3513B6FEC2}"
EndProject
Project("{9A19103F-16F7-4668-BE54-9A1E7A4F7556}") = "MedHub.API", "MedHub.API\MedHub.API.csproj", "{B5FDA75A-B1F3-4EEE-AE97-98CBD8138144}"
EndProject
Project("{2150E333-8FDC-42A3-9474-1A3956D46DE8}") = "src", "src", "{71ADD165-7D9D-4195-AD77-820BFAC5A583}"
EndProject
Project("{2150E333-8FDC-42A3-9474-1A3956D46DE8}") = "tests", "tests", "{996CC337-F560-491E-A98A-F471E9926935}"
EndProject
Project("{2150E333-8FDC-42A3-9474-1A3956D46DE8}") = "UnitTests", "UnitTests", "{9D9F9841-0D08-4396-858F-A060D8BAB760}"
EndProject
Project("{FAE04EC0-301F-11D3-BF4B-00C04F79EFBC}") = "MedHub.Core.Entities.Tests", "MedHub.Core.Entities.Tests\MedHub.Core.Entities.Tests.csproj", "{31E577DF-86E7-47DB-BF6E-C430A1908412}"
EndProject
Project("{2150E333-8FDC-42A3-9474-1A3956D46DE8}") = "IntegrationTests", "IntegrationTests", "{F37737D2-AFCC-4E5C-9170-A10997E053B9}"
EndProject
Global
	GlobalSection(SolutionConfigurationPlatforms) = preSolution
		Debug|Any CPU = Debug|Any CPU
		Release|Any CPU = Release|Any CPU
	EndGlobalSection
	GlobalSection(ProjectConfigurationPlatforms) = postSolution
		{460D0256-C486-4DBB-9297-1658F9F6B7C3}.Debug|Any CPU.ActiveCfg = Debug|Any CPU
		{460D0256-C486-4DBB-9297-1658F9F6B7C3}.Debug|Any CPU.Build.0 = Debug|Any CPU
		{460D0256-C486-4DBB-9297-1658F9F6B7C3}.Release|Any CPU.ActiveCfg = Release|Any CPU
		{460D0256-C486-4DBB-9297-1658F9F6B7C3}.Release|Any CPU.Build.0 = Release|Any CPU
		{BD78F736-0A0E-49D3-A849-ED01FAE5DF1D}.Debug|Any CPU.ActiveCfg = Debug|Any CPU
		{BD78F736-0A0E-49D3-A849-ED01FAE5DF1D}.Debug|Any CPU.Build.0 = Debug|Any CPU
		{BD78F736-0A0E-49D3-A849-ED01FAE5DF1D}.Release|Any CPU.ActiveCfg = Release|Any CPU
		{BD78F736-0A0E-49D3-A849-ED01FAE5DF1D}.Release|Any CPU.Build.0 = Release|Any CPU
		{7BB62FE5-6590-4CA6-9897-8E3513B6FEC2}.Debug|Any CPU.ActiveCfg = Debug|Any CPU
		{7BB62FE5-6590-4CA6-9897-8E3513B6FEC2}.Debug|Any CPU.Build.0 = Debug|Any CPU
		{7BB62FE5-6590-4CA6-9897-8E3513B6FEC2}.Release|Any CPU.ActiveCfg = Release|Any CPU
		{7BB62FE5-6590-4CA6-9897-8E3513B6FEC2}.Release|Any CPU.Build.0 = Release|Any CPU
		{B5FDA75A-B1F3-4EEE-AE97-98CBD8138144}.Debug|Any CPU.ActiveCfg = Debug|Any CPU
		{B5FDA75A-B1F3-4EEE-AE97-98CBD8138144}.Debug|Any CPU.Build.0 = Debug|Any CPU
		{B5FDA75A-B1F3-4EEE-AE97-98CBD8138144}.Release|Any CPU.ActiveCfg = Release|Any CPU
		{B5FDA75A-B1F3-4EEE-AE97-98CBD8138144}.Release|Any CPU.Build.0 = Release|Any CPU
		{31E577DF-86E7-47DB-BF6E-C430A1908412}.Debug|Any CPU.ActiveCfg = Debug|Any CPU
		{31E577DF-86E7-47DB-BF6E-C430A1908412}.Debug|Any CPU.Build.0 = Debug|Any CPU
		{31E577DF-86E7-47DB-BF6E-C430A1908412}.Release|Any CPU.ActiveCfg = Release|Any CPU
		{31E577DF-86E7-47DB-BF6E-C430A1908412}.Release|Any CPU.Build.0 = Release|Any CPU
	EndGlobalSection
	GlobalSection(SolutionProperties) = preSolution
		HideSolutionNode = FALSE
	EndGlobalSection
	GlobalSection(NestedProjects) = preSolution
		{81DBB7B3-E384-4893-8D8A-638D65D5FC58} = {71ADD165-7D9D-4195-AD77-820BFAC5A583}
		{B0DC3B60-2CA7-4050-A1CC-EBAFF39EDB6A} = {71ADD165-7D9D-4195-AD77-820BFAC5A583}
		{2248F402-3F32-477E-9999-7705ECFC5E11} = {71ADD165-7D9D-4195-AD77-820BFAC5A583}
		{3C75E64B-360E-48BC-8B58-63AD9042203D} = {71ADD165-7D9D-4195-AD77-820BFAC5A583}
		{460D0256-C486-4DBB-9297-1658F9F6B7C3} = {B0DC3B60-2CA7-4050-A1CC-EBAFF39EDB6A}
		{BD78F736-0A0E-49D3-A849-ED01FAE5DF1D} = {2248F402-3F32-477E-9999-7705ECFC5E11}
		{7BB62FE5-6590-4CA6-9897-8E3513B6FEC2} = {81DBB7B3-E384-4893-8D8A-638D65D5FC58}
		{B5FDA75A-B1F3-4EEE-AE97-98CBD8138144} = {3C75E64B-360E-48BC-8B58-63AD9042203D}
		{9D9F9841-0D08-4396-858F-A060D8BAB760} = {996CC337-F560-491E-A98A-F471E9926935}
		{31E577DF-86E7-47DB-BF6E-C430A1908412} = {9D9F9841-0D08-4396-858F-A060D8BAB760}
		{F37737D2-AFCC-4E5C-9170-A10997E053B9} = {996CC337-F560-491E-A98A-F471E9926935}
	EndGlobalSection
	GlobalSection(ExtensibilityGlobals) = postSolution
		SolutionGuid = {1CE72EB5-BBC1-406E-92BF-48868F7DA34D}
	EndGlobalSection
EndGlobal
